
Microsoft Visual Studio Solution File, Format Version 12.00
# Visual Studio Version 17
VisualStudioVersion = 17.11.35222.181
MinimumVisualStudioVersion = 10.0.40219.1
Project("{FAE04EC0-301F-11D3-BF4B-00C04F79EFBC}") = "TrainingDotnet", "TrainingDotnet\TrainingDotnet.csproj", "{FB0F09BC-3DCA-44BD-B61E-A43BD726010A}"
EndProject
Global
	GlobalSection(SolutionConfigurationPlatforms) = preSolution
		Debug|Any CPU = Debug|Any CPU
		Release|Any CPU = Release|Any CPU
	EndGlobalSection
	GlobalSection(ProjectConfigurationPlatforms) = postSolution
		{FB0F09BC-3DCA-44BD-B61E-A43BD726010A}.Debug|Any CPU.ActiveCfg = Debug|Any CPU
		{FB0F09BC-3DCA-44BD-B61E-A43BD726010A}.Debug|Any CPU.Build.0 = Debug|Any CPU
		{FB0F09BC-3DCA-44BD-B61E-A43BD726010A}.Release|Any CPU.ActiveCfg = Release|Any CPU
		{FB0F09BC-3DCA-44BD-B61E-A43BD726010A}.Release|Any CPU.Build.0 = Release|Any CPU
	EndGlobalSection
	GlobalSection(SolutionProperties) = preSolution
		HideSolutionNode = FALSE
	EndGlobalSection
	GlobalSection(ExtensibilityGlobals) = postSolution
		SolutionGuid = {A5C0E5F2-66B5-4994-AA7C-E3F6AEF52DFE}
	EndGlobalSection
EndGlobal
